
Microsoft Visual Studio Solution File, Format Version 12.00
# Visual Studio Version 17
VisualStudioVersion = 17.5.33530.505
MinimumVisualStudioVersion = 10.0.40219.1
Project("{FAE04EC0-301F-11D3-BF4B-00C04F79EFBC}") = "ConsoleApp2", "ConsoleApp2\ConsoleApp2.csproj", "{13321DC2-5B03-4233-BCAC-8595A33A306A}"
EndProject
Global
	GlobalSection(SolutionConfigurationPlatforms) = preSolution
		Debug|Any CPU = Debug|Any CPU
		Release|Any CPU = Release|Any CPU
	EndGlobalSection
	GlobalSection(ProjectConfigurationPlatforms) = postSolution
		{13321DC2-5B03-4233-BCAC-8595A33A306A}.Debug|Any CPU.ActiveCfg = Debug|Any CPU
		{13321DC2-5B03-4233-BCAC-8595A33A306A}.Debug|Any CPU.Build.0 = Debug|Any CPU
		{13321DC2-5B03-4233-BCAC-8595A33A306A}.Release|Any CPU.ActiveCfg = Release|Any CPU
		{13321DC2-5B03-4233-BCAC-8595A33A306A}.Release|Any CPU.Build.0 = Release|Any CPU
	EndGlobalSection
	GlobalSection(SolutionProperties) = preSolution
		HideSolutionNode = FALSE
	EndGlobalSection
	GlobalSection(ExtensibilityGlobals) = postSolution
		SolutionGuid = {360AEB22-C869-4934-BD0D-4B05C6AD9DEC}
	EndGlobalSection
EndGlobal
